schema: '2.0'
stages:
  preprocess:
    cmd: python3 src/preprocess.py
    deps:
    - path: data/raw/restaurant_reviews_with_rating.tsv
      md5: 102f1f4193e0bdebdd6cce7f13e0a839
      size: 54686
    - path: src/data/preprocess.py
      md5: 76e3a5ff5d9e5e136deebb260c82798c
      size: 1775
    - path: src/preprocess.py
      md5: 5122c773c00b02b34cde0d20a358f83d
      size: 139
    outs:
    - path: data/processed/c1_BoW_Sentiment_Model.pkl
      md5: 20c7ce1304ceb6b86ef29535b8fa7837
      size: 39826
    - path: data/processed/preprocessed_data_training
      md5: beadf82af4f6aab7052f62bf666fd1d9
      size: 10224163
  train:
    cmd: python3 src/train.py
    deps:
    - path: data/processed/preprocessed_data_training
      md5: beadf82af4f6aab7052f62bf666fd1d9
      size: 10224163
    - path: data/raw/restaurant_reviews_with_rating.tsv
      md5: 102f1f4193e0bdebdd6cce7f13e0a839
      size: 54686
    - path: src/models/train_model.py
      md5: 551dc9d219bc0ef67896bf8834bf4a2c
      size: 1727
    - path: src/train.py
      md5: 96e64a4bbe9d6446a7700bf351484f38
      size: 77
    outs:
    - path: data/processed/c2_Classifier_Sentiment_Model
      md5: 92e839d6a2b7e857bef8d8511279451b
      size: 46215
    - path: src/metrics.json
      md5: 847190da0d8481e9dffd7edbdc041408
      size: 182
